<?xml version="1.0" encoding="utf-8"?>
<Project ToolsVersion="4.0" xmlns="http://schemas.microsoft.com/developer/msbuild/2003">
  <ItemGroup>
    <Filter Include="Исходные файлы">
      <UniqueIdentifier>{4FC737F1-C7A5-4376-A066-2A32D752A2FF}</UniqueIdentifier>
      <Extensions>cpp;c;cc;cxx;c++;cppm;ixx;def;odl;idl;hpj;bat;asm;asmx</Extensions>
    </Filter>
    <Filter Include="Файлы заголовков">
      <UniqueIdentifier>{93995380-89BD-4b04-88EB-625FBE52EBFB}</UniqueIdentifier>
      <Extensions>h;hh;hpp;hxx;h++;hm;inl;inc;ipp;xsd</Extensions>
    </Filter>
  </ItemGroup>
  <ItemGroup>
    <ClCompile Include="Source.cpp">
      <Filter>Исходные файлы</Filter>
    </ClCompile>
    <ClCompile Include="Utils\ReaderHelper.cpp">
      <Filter>Исходные файлы</Filter>
    </ClCompile>
    <ClCompile Include="Utils\Vector3.cpp">
      <Filter>Исходные файлы</Filter>
    </ClCompile>
    <ClCompile Include="Engine\Player.cpp">
      <Filter>Исходные файлы</Filter>
    </ClCompile>
    <ClCompile Include="Discord RPC\src\connection_win.cpp">
      <Filter>Исходные файлы</Filter>
    </ClCompile>
    <ClCompile Include="Discord RPC\src\discord_register_win.cpp">
      <Filter>Исходные файлы</Filter>
    </ClCompile>
    <ClCompile Include="Discord RPC\src\discord_rpc.cpp">
      <Filter>Исходные файлы</Filter>
    </ClCompile>
    <ClCompile Include="Discord RPC\src\rpc_connection.cpp">
      <Filter>Исходные файлы</Filter>
    </ClCompile>
    <ClCompile Include="Discord RPC\src\serialization.cpp">
      <Filter>Исходные файлы</Filter>
    </ClCompile>
    <ClCompile Include="Utils\Discord.cpp">
      <Filter>Исходные файлы</Filter>
    </ClCompile>
    <ClCompile Include="Engine\Misc.cpp">
      <Filter>Исходные файлы</Filter>
    </ClCompile>
  </ItemGroup>
  <ItemGroup>
    <ClInclude Include="Utils\ReaderHelper.h">
      <Filter>Файлы заголовков</Filter>
    </ClInclude>
    <ClInclude Include="Utils\Vector3.h">
      <Filter>Файлы заголовков</Filter>
    </ClInclude>
    <ClInclude Include="Engine\Player.h">
      <Filter>Файлы заголовков</Filter>
    </ClInclude>
    <ClInclude Include="Utils\Offsets.h">
      <Filter>Исходные файлы</Filter>
    </ClInclude>
    <ClInclude Include="Discord RPC\include\discord_register.h">
      <Filter>Файлы заголовков</Filter>
    </ClInclude>
    <ClInclude Include="Discord RPC\include\discord_rpc.h">
      <Filter>Файлы заголовков</Filter>
    </ClInclude>
    <ClInclude Include="Discord RPC\src\backoff.h">
      <Filter>Файлы заголовков</Filter>
    </ClInclude>
    <ClInclude Include="Discord RPC\src\connection.h">
      <Filter>Файлы заголовков</Filter>
    </ClInclude>
    <ClInclude Include="Discord RPC\src\msg_queue.h">
      <Filter>Файлы заголовков</Filter>
    </ClInclude>
    <ClInclude Include="Discord RPC\src\rpc_connection.h">
      <Filter>Файлы заголовков</Filter>
    </ClInclude>
    <ClInclude Include="Discord RPC\src\serialization.h">
      <Filter>Файлы заголовков</Filter>
    </ClInclude>
    <ClInclude Include="Utils\Discord.h">
      <Filter>Файлы заголовков</Filter>
    </ClInclude>
    <ClInclude Include="RapidJSON\allocators.h">
      <Filter>Файлы заголовков</Filter>
    </ClInclude>
    <ClInclude Include="RapidJSON\document.h">
      <Filter>Файлы заголовков</Filter>
    </ClInclude>
    <ClInclude Include="RapidJSON\encodedstream.h">
      <Filter>Файлы заголовков</Filter>
    </ClInclude>
    <ClInclude Include="RapidJSON\encodings.h">
      <Filter>Файлы заголовков</Filter>
    </ClInclude>
    <ClInclude Include="RapidJSON\error\en.h">
      <Filter>Файлы заголовков</Filter>
    </ClInclude>
    <ClInclude Include="RapidJSON\error\error.h">
      <Filter>Файлы заголовков</Filter>
    </ClInclude>
    <ClInclude Include="RapidJSON\filereadstream.h">
      <Filter>Файлы заголовков</Filter>
    </ClInclude>
    <ClInclude Include="RapidJSON\filewritestream.h">
      <Filter>Файлы заголовков</Filter>
    </ClInclude>
    <ClInclude Include="RapidJSON\fwd.h">
      <Filter>Файлы заголовков</Filter>
    </ClInclude>
    <ClInclude Include="RapidJSON\internal\biginteger.h">
      <Filter>Файлы заголовков</Filter>
    </ClInclude>
    <ClInclude Include="RapidJSON\internal\diyfp.h">
      <Filter>Файлы заголовков</Filter>
    </ClInclude>
    <ClInclude Include="RapidJSON\internal\dtoa.h">
      <Filter>Файлы заголовков</Filter>
    </ClInclude>
    <ClInclude Include="RapidJSON\internal\ieee754.h">
      <Filter>Файлы заголовков</Filter>
    </ClInclude>
    <ClInclude Include="RapidJSON\internal\itoa.h">
      <Filter>Файлы заголовков</Filter>
    </ClInclude>
    <ClInclude Include="RapidJSON\internal\meta.h">
      <Filter>Файлы заголовков</Filter>
    </ClInclude>
    <ClInclude Include="RapidJSON\internal\pow10.h">
      <Filter>Файлы заголовков</Filter>
    </ClInclude>
    <ClInclude Include="RapidJSON\internal\regex.h">
      <Filter>Файлы заголовков</Filter>
    </ClInclude>
    <ClInclude Include="RapidJSON\internal\stack.h">
      <Filter>Файлы заголовков</Filter>
    </ClInclude>
    <ClInclude Include="RapidJSON\internal\strfunc.h">
      <Filter>Файлы заголовков</Filter>
    </ClInclude>
    <ClInclude Include="RapidJSON\internal\strtod.h">
      <Filter>Файлы заголовков</Filter>
    </ClInclude>
    <ClInclude Include="RapidJSON\internal\swap.h">
      <Filter>Файлы заголовков</Filter>
    </ClInclude>
    <ClInclude Include="RapidJSON\istreamwrapper.h">
      <Filter>Файлы заголовков</Filter>
    </ClInclude>
    <ClInclude Include="RapidJSON\memorybuffer.h">
      <Filter>Файлы заголовков</Filter>
    </ClInclude>
    <ClInclude Include="RapidJSON\memorystream.h">
      <Filter>Файлы заголовков</Filter>
    </ClInclude>
    <ClInclude Include="RapidJSON\msinttypes\inttypes.h">
      <Filter>Файлы заголовков</Filter>
    </ClInclude>
    <ClInclude Include="RapidJSON\msinttypes\stdint.h">
      <Filter>Файлы заголовков</Filter>
    </ClInclude>
    <ClInclude Include="RapidJSON\ostreamwrapper.h">
      <Filter>Файлы заголовков</Filter>
    </ClInclude>
    <ClInclude Include="RapidJSON\pointer.h">
      <Filter>Файлы заголовков</Filter>
    </ClInclude>
    <ClInclude Include="RapidJSON\prettywriter.h">
      <Filter>Файлы заголовков</Filter>
    </ClInclude>
    <ClInclude Include="RapidJSON\rapidjson.h">
      <Filter>Файлы заголовков</Filter>
    </ClInclude>
    <ClInclude Include="RapidJSON\reader.h">
      <Filter>Файлы заголовков</Filter>
    </ClInclude>
    <ClInclude Include="RapidJSON\schema.h">
      <Filter>Файлы заголовков</Filter>
    </ClInclude>
    <ClInclude Include="RapidJSON\stream.h">
      <Filter>Файлы заголовков</Filter>
    </ClInclude>
    <ClInclude Include="RapidJSON\stringbuffer.h">
      <Filter>Файлы заголовков</Filter>
    </ClInclude>
    <ClInclude Include="RapidJSON\writer.h">
      <Filter>Файлы заголовков</Filter>
    </ClInclude>
    <ClInclude Include="Engine\Misc.h">
      <Filter>Файлы заголовков</Filter>
    </ClInclude>
  </ItemGroup>
</Project>